
Microsoft Visual Studio Solution File, Format Version 12.00
# Visual Studio 14
VisualStudioVersion = 14.0.25420.1
MinimumVisualStudioVersion = 10.0.40219.1
Project("{FAE04EC0-301F-11D3-BF4B-00C04F79EFBC}") = "SikuliTest", "SikuliTest\SikuliTest.csproj", "{0EFCB95A-39BF-4C0D-8626-927282ABF7EA}"
	ProjectSection(ProjectDependencies) = postProject
		{A4DB5054-B4A1-4DCD-AFC6-91EFE9C25135} = {A4DB5054-B4A1-4DCD-AFC6-91EFE9C25135}
		{420D4ED4-F2DB-4FB3-AC7F-C6E7733A401C} = {420D4ED4-F2DB-4FB3-AC7F-C6E7733A401C}
	EndProjectSection
EndProject
Project("{FAE04EC0-301F-11D3-BF4B-00C04F79EFBC}") = "SikuliSharp", "..\..\SikuliSharp-master\SikuliSharp\SikuliSharp.csproj", "{A4DB5054-B4A1-4DCD-AFC6-91EFE9C25135}"
EndProject
Project("{FAE04EC0-301F-11D3-BF4B-00C04F79EFBC}") = "Smart", "smart\Smart.csproj", "{420D4ED4-F2DB-4FB3-AC7F-C6E7733A401C}"
EndProject
Global
	GlobalSection(SolutionConfigurationPlatforms) = preSolution
		Debug|Any CPU = Debug|Any CPU
		Debug|x64 = Debug|x64
		Release|Any CPU = Release|Any CPU
		Release|x64 = Release|x64
	EndGlobalSection
	GlobalSection(ProjectConfigurationPlatforms) = postSolution
		{0EFCB95A-39BF-4C0D-8626-927282ABF7EA}.Debug|Any CPU.ActiveCfg = Debug|Any CPU
		{0EFCB95A-39BF-4C0D-8626-927282ABF7EA}.Debug|Any CPU.Build.0 = Debug|Any CPU
		{0EFCB95A-39BF-4C0D-8626-927282ABF7EA}.Debug|x64.ActiveCfg = Debug|Any CPU
		{0EFCB95A-39BF-4C0D-8626-927282ABF7EA}.Debug|x64.Build.0 = Debug|Any CPU
		{0EFCB95A-39BF-4C0D-8626-927282ABF7EA}.Release|Any CPU.ActiveCfg = Release|Any CPU
		{0EFCB95A-39BF-4C0D-8626-927282ABF7EA}.Release|Any CPU.Build.0 = Release|Any CPU
		{0EFCB95A-39BF-4C0D-8626-927282ABF7EA}.Release|x64.ActiveCfg = Release|Any CPU
		{0EFCB95A-39BF-4C0D-8626-927282ABF7EA}.Release|x64.Build.0 = Release|Any CPU
		{A4DB5054-B4A1-4DCD-AFC6-91EFE9C25135}.Debug|Any CPU.ActiveCfg = Debug|Any CPU
		{A4DB5054-B4A1-4DCD-AFC6-91EFE9C25135}.Debug|Any CPU.Build.0 = Debug|Any CPU
		{A4DB5054-B4A1-4DCD-AFC6-91EFE9C25135}.Debug|x64.ActiveCfg = Debug|Any CPU
		{A4DB5054-B4A1-4DCD-AFC6-91EFE9C25135}.Debug|x64.Build.0 = Debug|Any CPU
		{A4DB5054-B4A1-4DCD-AFC6-91EFE9C25135}.Release|Any CPU.ActiveCfg = Release|Any CPU
		{A4DB5054-B4A1-4DCD-AFC6-91EFE9C25135}.Release|Any CPU.Build.0 = Release|Any CPU
		{A4DB5054-B4A1-4DCD-AFC6-91EFE9C25135}.Release|x64.ActiveCfg = Release|Any CPU
		{A4DB5054-B4A1-4DCD-AFC6-91EFE9C25135}.Release|x64.Build.0 = Release|Any CPU
		{420D4ED4-F2DB-4FB3-AC7F-C6E7733A401C}.Debug|Any CPU.ActiveCfg = Debug|Any CPU
		{420D4ED4-F2DB-4FB3-AC7F-C6E7733A401C}.Debug|Any CPU.Build.0 = Debug|Any CPU
		{420D4ED4-F2DB-4FB3-AC7F-C6E7733A401C}.Debug|x64.ActiveCfg = Debug|x64
		{420D4ED4-F2DB-4FB3-AC7F-C6E7733A401C}.Debug|x64.Build.0 = Debug|x64
		{420D4ED4-F2DB-4FB3-AC7F-C6E7733A401C}.Release|Any CPU.ActiveCfg = Release|Any CPU
		{420D4ED4-F2DB-4FB3-AC7F-C6E7733A401C}.Release|Any CPU.Build.0 = Release|Any CPU
		{420D4ED4-F2DB-4FB3-AC7F-C6E7733A401C}.Release|x64.ActiveCfg = Release|x64
		{420D4ED4-F2DB-4FB3-AC7F-C6E7733A401C}.Release|x64.Build.0 = Release|x64
	EndGlobalSection
	GlobalSection(SolutionProperties) = preSolution
		HideSolutionNode = FALSE
	EndGlobalSection
	GlobalSection(ExtensibilityGlobals) = postSolution
		SolutionGuid = {713F7A01-177E-41C5-8F5B-C27EF572A508}
	EndGlobalSection
EndGlobal
